
Microsoft Visual Studio Solution File, Format Version 12.00
# Visual Studio Version 17
VisualStudioVersion = 17.10.35122.118
MinimumVisualStudioVersion = 10.0.40219.1
Project("{FAE04EC0-301F-11D3-BF4B-00C04F79EFBC}") = "RazorPagesMovie", "RazorPagesMovie\RazorPagesMovie.csproj", "{B86B9B07-3365-485B-AF2A-41362A2C9CDA}"
EndProject
Global
	GlobalSection(SolutionConfigurationPlatforms) = preSolution
		Debug|Any CPU = Debug|Any CPU
		Release|Any CPU = Release|Any CPU
	EndGlobalSection
	GlobalSection(ProjectConfigurationPlatforms) = postSolution
		{B86B9B07-3365-485B-AF2A-41362A2C9CDA}.Debug|Any CPU.ActiveCfg = Debug|Any CPU
		{B86B9B07-3365-485B-AF2A-41362A2C9CDA}.Debug|Any CPU.Build.0 = Debug|Any CPU
		{B86B9B07-3365-485B-AF2A-41362A2C9CDA}.Release|Any CPU.ActiveCfg = Release|Any CPU
		{B86B9B07-3365-485B-AF2A-41362A2C9CDA}.Release|Any CPU.Build.0 = Release|Any CPU
	EndGlobalSection
	GlobalSection(SolutionProperties) = preSolution
		HideSolutionNode = FALSE
	EndGlobalSection
	GlobalSection(ExtensibilityGlobals) = postSolution
		SolutionGuid = {9C2ADB2D-2AA3-454F-A7C2-30F6D751C330}
	EndGlobalSection
EndGlobal
